
Microsoft Visual Studio Solution File, Format Version 12.00
# Visual Studio Version 17
VisualStudioVersion = 17.9.34728.123
MinimumVisualStudioVersion = 10.0.40219.1
Project("{2150E333-8FDC-42A3-9474-1A3956D46DE8}") = "tests", "tests", "{406AFD10-03CF-4690-B325-61923148B6E8}"
EndProject
Project("{9A19103F-16F7-4668-BE54-9A1E7A4F7556}") = "MetaMapper", "src\MetaMapper.csproj", "{536401E5-D45E-4001-AA10-6385CE974454}"
EndProject
Project("{9A19103F-16F7-4668-BE54-9A1E7A4F7556}") = "MetaMapper.Tests", "test\MetaMapper.Tests.csproj", "{3C13994D-1626-48DD-9615-FFC7C165CF21}"
EndProject
Global
	GlobalSection(SolutionConfigurationPlatforms) = preSolution
		Debug|Any CPU = Debug|Any CPU
		Release|Any CPU = Release|Any CPU
	EndGlobalSection
	GlobalSection(ProjectConfigurationPlatforms) = postSolution
		{536401E5-D45E-4001-AA10-6385CE974454}.Debug|Any CPU.ActiveCfg = Debug|Any CPU
		{536401E5-D45E-4001-AA10-6385CE974454}.Debug|Any CPU.Build.0 = Debug|Any CPU
		{536401E5-D45E-4001-AA10-6385CE974454}.Release|Any CPU.ActiveCfg = Release|Any CPU
		{536401E5-D45E-4001-AA10-6385CE974454}.Release|Any CPU.Build.0 = Release|Any CPU
		{3C13994D-1626-48DD-9615-FFC7C165CF21}.Debug|Any CPU.ActiveCfg = Debug|Any CPU
		{3C13994D-1626-48DD-9615-FFC7C165CF21}.Debug|Any CPU.Build.0 = Debug|Any CPU
		{3C13994D-1626-48DD-9615-FFC7C165CF21}.Release|Any CPU.ActiveCfg = Release|Any CPU
		{3C13994D-1626-48DD-9615-FFC7C165CF21}.Release|Any CPU.Build.0 = Release|Any CPU
	EndGlobalSection
	GlobalSection(SolutionProperties) = preSolution
		HideSolutionNode = FALSE
	EndGlobalSection
	GlobalSection(NestedProjects) = preSolution
		{3C13994D-1626-48DD-9615-FFC7C165CF21} = {406AFD10-03CF-4690-B325-61923148B6E8}
	EndGlobalSection
	GlobalSection(ExtensibilityGlobals) = postSolution
		SolutionGuid = {EE8BA25D-99AF-4E74-B8E4-C1395D29BDB1}
	EndGlobalSection
EndGlobal
